{
  "requires": true,
  "lockfileVersion": 1,
  "dependencies": {
    "ngx-cookie-service": {
      "version": "13.2.0",
      "resolved": "https://registry.npmjs.org/ngx-cookie-service/-/ngx-cookie-service-13.2.0.tgz",
      "integrity": "sha512-WxuLrZROWf59DfPPstPsrS18nxtPvT+uJ4AEjFs57NqtTfYdRQXhVJ02fZ4WP4VPElI8o6qndNL7gi9tkEdg4Q==",
      "requires": {
        "tslib": "^2.0.0"
      }
    },
    "tslib": {
      "version": "2.4.0",
      "resolved": "https://registry.npmjs.org/tslib/-/tslib-2.4.0.tgz",
      "integrity": "sha512-d6xOpEDfsi2CZVlPQzGeux8XMwLT9hssAsaPYExaQMuYskwb+x1x7J371tWlbBdWHroy99KnVB6qIkUbs5X3UQ=="
    }
  }
}
